
Microsoft Visual Studio Solution File, Format Version 12.00
# Visual Studio Version 17
VisualStudioVersion = 17.0.32014.148
MinimumVisualStudioVersion = 10.0.40219.1
Project("{9A19103F-16F7-4668-BE54-9A1E7A4F7556}") = "EfCoreInAction", "EfCoreInAction\EfCoreInAction.csproj", "{623BD02F-A3E3-4EBC-8E20-F0F214757DB6}"
EndProject
Project("{9A19103F-16F7-4668-BE54-9A1E7A4F7556}") = "DataLayer", "DataLayer\DataLayer.csproj", "{CF2497E1-34B1-4AC5-9A43-6E61BE63087A}"
EndProject
Project("{9A19103F-16F7-4668-BE54-9A1E7A4F7556}") = "ServiceLayer", "ServiceLayer\ServiceLayer.csproj", "{51A724DD-4BC2-40F2-A889-11A61F27F25D}"
EndProject
Project("{9A19103F-16F7-4668-BE54-9A1E7A4F7556}") = "executer", "executer\executer.csproj", "{2C40B3AC-C4E7-45E6-B61E-8E4EEB7F28B2}"
EndProject
Global
	GlobalSection(SolutionConfigurationPlatforms) = preSolution
		Debug|Any CPU = Debug|Any CPU
		Release|Any CPU = Release|Any CPU
	EndGlobalSection
	GlobalSection(ProjectConfigurationPlatforms) = postSolution
		{623BD02F-A3E3-4EBC-8E20-F0F214757DB6}.Debug|Any CPU.ActiveCfg = Debug|Any CPU
		{623BD02F-A3E3-4EBC-8E20-F0F214757DB6}.Debug|Any CPU.Build.0 = Debug|Any CPU
		{623BD02F-A3E3-4EBC-8E20-F0F214757DB6}.Release|Any CPU.ActiveCfg = Release|Any CPU
		{623BD02F-A3E3-4EBC-8E20-F0F214757DB6}.Release|Any CPU.Build.0 = Release|Any CPU
		{CF2497E1-34B1-4AC5-9A43-6E61BE63087A}.Debug|Any CPU.ActiveCfg = Debug|Any CPU
		{CF2497E1-34B1-4AC5-9A43-6E61BE63087A}.Debug|Any CPU.Build.0 = Debug|Any CPU
		{CF2497E1-34B1-4AC5-9A43-6E61BE63087A}.Release|Any CPU.ActiveCfg = Release|Any CPU
		{CF2497E1-34B1-4AC5-9A43-6E61BE63087A}.Release|Any CPU.Build.0 = Release|Any CPU
		{51A724DD-4BC2-40F2-A889-11A61F27F25D}.Debug|Any CPU.ActiveCfg = Debug|Any CPU
		{51A724DD-4BC2-40F2-A889-11A61F27F25D}.Debug|Any CPU.Build.0 = Debug|Any CPU
		{51A724DD-4BC2-40F2-A889-11A61F27F25D}.Release|Any CPU.ActiveCfg = Release|Any CPU
		{51A724DD-4BC2-40F2-A889-11A61F27F25D}.Release|Any CPU.Build.0 = Release|Any CPU
		{2C40B3AC-C4E7-45E6-B61E-8E4EEB7F28B2}.Debug|Any CPU.ActiveCfg = Debug|Any CPU
		{2C40B3AC-C4E7-45E6-B61E-8E4EEB7F28B2}.Debug|Any CPU.Build.0 = Debug|Any CPU
		{2C40B3AC-C4E7-45E6-B61E-8E4EEB7F28B2}.Release|Any CPU.ActiveCfg = Release|Any CPU
		{2C40B3AC-C4E7-45E6-B61E-8E4EEB7F28B2}.Release|Any CPU.Build.0 = Release|Any CPU
	EndGlobalSection
	GlobalSection(SolutionProperties) = preSolution
		HideSolutionNode = FALSE
	EndGlobalSection
	GlobalSection(ExtensibilityGlobals) = postSolution
		SolutionGuid = {8CDC9A1C-C366-40F0-869B-0CEC9ACB1722}
	EndGlobalSection
EndGlobal
